
Microsoft Visual Studio Solution File, Format Version 12.00
# Visual Studio 15
VisualStudioVersion = 15.0.27703.2042
MinimumVisualStudioVersion = 10.0.40219.1
Project("{FAE04EC0-301F-11D3-BF4B-00C04F79EFBC}") = "TodoApp.Android", "TodoApp\TodoApp.Android\TodoApp.Android.csproj", "{F0C380EA-1C6E-495D-B805-EBE499DB11BA}"
EndProject
Project("{FAE04EC0-301F-11D3-BF4B-00C04F79EFBC}") = "TodoApp.iOS", "TodoApp\TodoApp.iOS\TodoApp.iOS.csproj", "{8E108001-40E7-41CB-B640-AF3785FAC6E7}"
EndProject
Project("{FAE04EC0-301F-11D3-BF4B-00C04F79EFBC}") = "TodoApp.UWP", "TodoApp\TodoApp.UWP\TodoApp.UWP.csproj", "{69D61384-A9F6-4E0F-A6D8-241AD074C0F7}"
EndProject
Project("{D954291E-2A0B-460D-934E-DC6B0785DB48}") = "TodoApp", "TodoApp\TodoApp\TodoApp.shproj", "{8D55C80E-C695-41C8-A840-6CC393F645BD}"
EndProject
Global
	GlobalSection(SharedMSBuildProjectFiles) = preSolution
		TodoApp\TodoApp\TodoApp.projitems*{69d61384-a9f6-4e0f-a6d8-241ad074c0f7}*SharedItemsImports = 4
		TodoApp\TodoApp\TodoApp.projitems*{8d55c80e-c695-41c8-a840-6cc393f645bd}*SharedItemsImports = 13
		TodoApp\TodoApp\TodoApp.projitems*{8e108001-40e7-41cb-b640-af3785fac6e7}*SharedItemsImports = 4
		TodoApp\TodoApp\TodoApp.projitems*{f0c380ea-1c6e-495d-b805-ebe499db11ba}*SharedItemsImports = 4
	EndGlobalSection
	GlobalSection(SolutionConfigurationPlatforms) = preSolution
		Ad-Hoc|Any CPU = Ad-Hoc|Any CPU
		Ad-Hoc|ARM = Ad-Hoc|ARM
		Ad-Hoc|iPhone = Ad-Hoc|iPhone
		Ad-Hoc|iPhoneSimulator = Ad-Hoc|iPhoneSimulator
		Ad-Hoc|x64 = Ad-Hoc|x64
		Ad-Hoc|x86 = Ad-Hoc|x86
		AppStore|Any CPU = AppStore|Any CPU
		AppStore|ARM = AppStore|ARM
		AppStore|iPhone = AppStore|iPhone
		AppStore|iPhoneSimulator = AppStore|iPhoneSimulator
		AppStore|x64 = AppStore|x64
		AppStore|x86 = AppStore|x86
		Debug|Any CPU = Debug|Any CPU
		Debug|ARM = Debug|ARM
		Debug|iPhone = Debug|iPhone
		Debug|iPhoneSimulator = Debug|iPhoneSimulator
		Debug|x64 = Debug|x64
		Debug|x86 = Debug|x86
		Release|Any CPU = Release|Any CPU
		Release|ARM = Release|ARM
		Release|iPhone = Release|iPhone
		Release|iPhoneSimulator = Release|iPhoneSimulator
		Release|x64 = Release|x64
		Release|x86 = Release|x86
	EndGlobalSection
	GlobalSection(ProjectConfigurationPlatforms) = postSolution
		{F0C380EA-1C6E-495D-B805-EBE499DB11BA}.Ad-Hoc|Any CPU.ActiveCfg = Release|Any CPU
		{F0C380EA-1C6E-495D-B805-EBE499DB11BA}.Ad-Hoc|Any CPU.Build.0 = Release|Any CPU
		{F0C380EA-1C6E-495D-B805-EBE499DB11BA}.Ad-Hoc|Any CPU.Deploy.0 = Release|Any CPU
		{F0C380EA-1C6E-495D-B805-EBE499DB11BA}.Ad-Hoc|ARM.ActiveCfg = Release|Any CPU
		{F0C380EA-1C6E-495D-B805-EBE499DB11BA}.Ad-Hoc|ARM.Build.0 = Release|Any CPU
		{F0C380EA-1C6E-495D-B805-EBE499DB11BA}.Ad-Hoc|ARM.Deploy.0 = Release|Any CPU
		{F0C380EA-1C6E-495D-B805-EBE499DB11BA}.Ad-Hoc|iPhone.ActiveCfg = Release|Any CPU
		{F0C380EA-1C6E-495D-B805-EBE499DB11BA}.Ad-Hoc|iPhone.Build.0 = Release|Any CPU
		{F0C380EA-1C6E-495D-B805-EBE499DB11BA}.Ad-Hoc|iPhone.Deploy.0 = Release|Any CPU
		{F0C380EA-1C6E-495D-B805-EBE499DB11BA}.Ad-Hoc|iPhoneSimulator.ActiveCfg = Release|Any CPU
		{F0C380EA-1C6E-495D-B805-EBE499DB11BA}.Ad-Hoc|iPhoneSimulator.Build.0 = Release|Any CPU
		{F0C380EA-1C6E-495D-B805-EBE499DB11BA}.Ad-Hoc|iPhoneSimulator.Deploy.0 = Release|Any CPU
		{F0C380EA-1C6E-495D-B805-EBE499DB11BA}.Ad-Hoc|x64.ActiveCfg = Release|Any CPU
		{F0C380EA-1C6E-495D-B805-EBE499DB11BA}.Ad-Hoc|x64.Build.0 = Release|Any CPU
		{F0C380EA-1C6E-495D-B805-EBE499DB11BA}.Ad-Hoc|x64.Deploy.0 = Release|Any CPU
		{F0C380EA-1C6E-495D-B805-EBE499DB11BA}.Ad-Hoc|x86.ActiveCfg = Release|Any CPU
		{F0C380EA-1C6E-495D-B805-EBE499DB11BA}.Ad-Hoc|x86.Build.0 = Release|Any CPU
		{F0C380EA-1C6E-495D-B805-EBE499DB11BA}.Ad-Hoc|x86.Deploy.0 = Release|Any CPU
		{F0C380EA-1C6E-495D-B805-EBE499DB11BA}.AppStore|Any CPU.ActiveCfg = Release|Any CPU
		{F0C380EA-1C6E-495D-B805-EBE499DB11BA}.AppStore|Any CPU.Build.0 = Release|Any CPU
		{F0C380EA-1C6E-495D-B805-EBE499DB11BA}.AppStore|Any CPU.Deploy.0 = Release|Any CPU
		{F0C380EA-1C6E-495D-B805-EBE499DB11BA}.AppStore|ARM.ActiveCfg = Release|Any CPU
		{F0C380EA-1C6E-495D-B805-EBE499DB11BA}.AppStore|ARM.Build.0 = Release|Any CPU
		{F0C380EA-1C6E-495D-B805-EBE499DB11BA}.AppStore|ARM.Deploy.0 = Release|Any CPU
		{F0C380EA-1C6E-495D-B805-EBE499DB11BA}.AppStore|iPhone.ActiveCfg = Release|Any CPU
		{F0C380EA-1C6E-495D-B805-EBE499DB11BA}.AppStore|iPhone.Build.0 = Release|Any CPU
		{F0C380EA-1C6E-495D-B805-EBE499DB11BA}.AppStore|iPhone.Deploy.0 = Release|Any CPU
		{F0C380EA-1C6E-495D-B805-EBE499DB11BA}.AppStore|iPhoneSimulator.ActiveCfg = Release|Any CPU
		{F0C380EA-1C6E-495D-B805-EBE499DB11BA}.AppStore|iPhoneSimulator.Build.0 = Release|Any CPU
		{F0C380EA-1C6E-495D-B805-EBE499DB11BA}.AppStore|iPhoneSimulator.Deploy.0 = Release|Any CPU
		{F0C380EA-1C6E-495D-B805-EBE499DB11BA}.AppStore|x64.ActiveCfg = Release|Any CPU
		{F0C380EA-1C6E-495D-B805-EBE499DB11BA}.AppStore|x64.Build.0 = Release|Any CPU
		{F0C380EA-1C6E-495D-B805-EBE499DB11BA}.AppStore|x64.Deploy.0 = Release|Any CPU
		{F0C380EA-1C6E-495D-B805-EBE499DB11BA}.AppStore|x86.ActiveCfg = Release|Any CPU
		{F0C380EA-1C6E-495D-B805-EBE499DB11BA}.AppStore|x86.Build.0 = Release|Any CPU
		{F0C380EA-1C6E-495D-B805-EBE499DB11BA}.AppStore|x86.Deploy.0 = Release|Any CPU
		{F0C380EA-1C6E-495D-B805-EBE499DB11BA}.Debug|Any CPU.ActiveCfg = Debug|Any CPU
		{F0C380EA-1C6E-495D-B805-EBE499DB11BA}.Debug|Any CPU.Build.0 = Debug|Any CPU
		{F0C380EA-1C6E-495D-B805-EBE499DB11BA}.Debug|Any CPU.Deploy.0 = Debug|Any CPU
		{F0C380EA-1C6E-495D-B805-EBE499DB11BA}.Debug|ARM.ActiveCfg = Debug|Any CPU
		{F0C380EA-1C6E-495D-B805-EBE499DB11BA}.Debug|ARM.Build.0 = Debug|Any CPU
		{F0C380EA-1C6E-495D-B805-EBE499DB11BA}.Debug|ARM.Deploy.0 = Debug|Any CPU
		{F0C380EA-1C6E-495D-B805-EBE499DB11BA}.Debug|iPhone.ActiveCfg = Debug|Any CPU
		{F0C380EA-1C6E-495D-B805-EBE499DB11BA}.Debug|iPhone.Build.0 = Debug|Any CPU
		{F0C380EA-1C6E-495D-B805-EBE499DB11BA}.Debug|iPhone.Deploy.0 = Debug|Any CPU
		{F0C380EA-1C6E-495D-B805-EBE499DB11BA}.Debug|iPhoneSimulator.ActiveCfg = Debug|Any CPU
		{F0C380EA-1C6E-495D-B805-EBE499DB11BA}.Debug|iPhoneSimulator.Build.0 = Debug|Any CPU
		{F0C380EA-1C6E-495D-B805-EBE499DB11BA}.Debug|iPhoneSimulator.Deploy.0 = Debug|Any CPU
		{F0C380EA-1C6E-495D-B805-EBE499DB11BA}.Debug|x64.ActiveCfg = Debug|Any CPU
		{F0C380EA-1C6E-495D-B805-EBE499DB11BA}.Debug|x64.Build.0 = Debug|Any CPU
		{F0C380EA-1C6E-495D-B805-EBE499DB11BA}.Debug|x64.Deploy.0 = Debug|Any CPU
		{F0C380EA-1C6E-495D-B805-EBE499DB11BA}.Debug|x86.ActiveCfg = Debug|Any CPU
		{F0C380EA-1C6E-495D-B805-EBE499DB11BA}.Debug|x86.Build.0 = Debug|Any CPU
		{F0C380EA-1C6E-495D-B805-EBE499DB11BA}.Debug|x86.Deploy.0 = Debug|Any CPU
		{F0C380EA-1C6E-495D-B805-EBE499DB11BA}.Release|Any CPU.ActiveCfg = Release|Any CPU
		{F0C380EA-1C6E-495D-B805-EBE499DB11BA}.Release|Any CPU.Build.0 = Release|Any CPU
		{F0C380EA-1C6E-495D-B805-EBE499DB11BA}.Release|Any CPU.Deploy.0 = Release|Any CPU
		{F0C380EA-1C6E-495D-B805-EBE499DB11BA}.Release|ARM.ActiveCfg = Release|Any CPU
		{F0C380EA-1C6E-495D-B805-EBE499DB11BA}.Release|ARM.Build.0 = Release|Any CPU
		{F0C380EA-1C6E-495D-B805-EBE499DB11BA}.Release|ARM.Deploy.0 = Release|Any CPU
		{F0C380EA-1C6E-495D-B805-EBE499DB11BA}.Release|iPhone.ActiveCfg = Release|Any CPU
		{F0C380EA-1C6E-495D-B805-EBE499DB11BA}.Release|iPhone.Build.0 = Release|Any CPU
		{F0C380EA-1C6E-495D-B805-EBE499DB11BA}.Release|iPhone.Deploy.0 = Release|Any CPU
		{F0C380EA-1C6E-495D-B805-EBE499DB11BA}.Release|iPhoneSimulator.ActiveCfg = Release|Any CPU
		{F0C380EA-1C6E-495D-B805-EBE499DB11BA}.Release|iPhoneSimulator.Build.0 = Release|Any CPU
		{F0C380EA-1C6E-495D-B805-EBE499DB11BA}.Release|iPhoneSimulator.Deploy.0 = Release|Any CPU
		{F0C380EA-1C6E-495D-B805-EBE499DB11BA}.Release|x64.ActiveCfg = Release|Any CPU
		{F0C380EA-1C6E-495D-B805-EBE499DB11BA}.Release|x64.Build.0 = Release|Any CPU
		{F0C380EA-1C6E-495D-B805-EBE499DB11BA}.Release|x64.Deploy.0 = Release|Any CPU
		{F0C380EA-1C6E-495D-B805-EBE499DB11BA}.Release|x86.ActiveCfg = Release|Any CPU
		{F0C380EA-1C6E-495D-B805-EBE499DB11BA}.Release|x86.Build.0 = Release|Any CPU
		{F0C380EA-1C6E-495D-B805-EBE499DB11BA}.Release|x86.Deploy.0 = Release|Any CPU
		{8E108001-40E7-41CB-B640-AF3785FAC6E7}.Ad-Hoc|Any CPU.ActiveCfg = Ad-Hoc|iPhone
		{8E108001-40E7-41CB-B640-AF3785FAC6E7}.Ad-Hoc|Any CPU.Build.0 = Ad-Hoc|iPhone
		{8E108001-40E7-41CB-B640-AF3785FAC6E7}.Ad-Hoc|Any CPU.Deploy.0 = Ad-Hoc|iPhone
		{8E108001-40E7-41CB-B640-AF3785FAC6E7}.Ad-Hoc|ARM.ActiveCfg = Ad-Hoc|iPhone
		{8E108001-40E7-41CB-B640-AF3785FAC6E7}.Ad-Hoc|ARM.Build.0 = Ad-Hoc|iPhone
		{8E108001-40E7-41CB-B640-AF3785FAC6E7}.Ad-Hoc|ARM.Deploy.0 = Ad-Hoc|iPhone
		{8E108001-40E7-41CB-B640-AF3785FAC6E7}.Ad-Hoc|iPhone.ActiveCfg = Ad-Hoc|iPhone
		{8E108001-40E7-41CB-B640-AF3785FAC6E7}.Ad-Hoc|iPhone.Build.0 = Ad-Hoc|iPhone
		{8E108001-40E7-41CB-B640-AF3785FAC6E7}.Ad-Hoc|iPhone.Deploy.0 = Ad-Hoc|iPhone
		{8E108001-40E7-41CB-B640-AF3785FAC6E7}.Ad-Hoc|iPhoneSimulator.ActiveCfg = Ad-Hoc|iPhoneSimulator
		{8E108001-40E7-41CB-B640-AF3785FAC6E7}.Ad-Hoc|iPhoneSimulator.Build.0 = Ad-Hoc|iPhoneSimulator
		{8E108001-40E7-41CB-B640-AF3785FAC6E7}.Ad-Hoc|iPhoneSimulator.Deploy.0 = Ad-Hoc|iPhoneSimulator
		{8E108001-40E7-41CB-B640-AF3785FAC6E7}.Ad-Hoc|x64.ActiveCfg = Ad-Hoc|iPhone
		{8E108001-40E7-41CB-B640-AF3785FAC6E7}.Ad-Hoc|x64.Build.0 = Ad-Hoc|iPhone
		{8E108001-40E7-41CB-B640-AF3785FAC6E7}.Ad-Hoc|x64.Deploy.0 = Ad-Hoc|iPhone
		{8E108001-40E7-41CB-B640-AF3785FAC6E7}.Ad-Hoc|x86.ActiveCfg = Ad-Hoc|iPhone
		{8E108001-40E7-41CB-B640-AF3785FAC6E7}.Ad-Hoc|x86.Build.0 = Ad-Hoc|iPhone
		{8E108001-40E7-41CB-B640-AF3785FAC6E7}.Ad-Hoc|x86.Deploy.0 = Ad-Hoc|iPhone
		{8E108001-40E7-41CB-B640-AF3785FAC6E7}.AppStore|Any CPU.ActiveCfg = AppStore|iPhone
		{8E108001-40E7-41CB-B640-AF3785FAC6E7}.AppStore|Any CPU.Build.0 = AppStore|iPhone
		{8E108001-40E7-41CB-B640-AF3785FAC6E7}.AppStore|Any CPU.Deploy.0 = AppStore|iPhone
		{8E108001-40E7-41CB-B640-AF3785FAC6E7}.AppStore|ARM.ActiveCfg = AppStore|iPhone
		{8E108001-40E7-41CB-B640-AF3785FAC6E7}.AppStore|ARM.Build.0 = AppStore|iPhone
		{8E108001-40E7-41CB-B640-AF3785FAC6E7}.AppStore|ARM.Deploy.0 = AppStore|iPhone
		{8E108001-40E7-41CB-B640-AF3785FAC6E7}.AppStore|iPhone.ActiveCfg = AppStore|iPhone
		{8E108001-40E7-41CB-B640-AF3785FAC6E7}.AppStore|iPhone.Build.0 = AppStore|iPhone
		{8E108001-40E7-41CB-B640-AF3785FAC6E7}.AppStore|iPhone.Deploy.0 = AppStore|iPhone
		{8E108001-40E7-41CB-B640-AF3785FAC6E7}.AppStore|iPhoneSimulator.ActiveCfg = AppStore|iPhoneSimulator
		{8E108001-40E7-41CB-B640-AF3785FAC6E7}.AppStore|iPhoneSimulator.Build.0 = AppStore|iPhoneSimulator
		{8E108001-40E7-41CB-B640-AF3785FAC6E7}.AppStore|iPhoneSimulator.Deploy.0 = AppStore|iPhoneSimulator
		{8E108001-40E7-41CB-B640-AF3785FAC6E7}.AppStore|x64.ActiveCfg = AppStore|iPhone
		{8E108001-40E7-41CB-B640-AF3785FAC6E7}.AppStore|x64.Build.0 = AppStore|iPhone
		{8E108001-40E7-41CB-B640-AF3785FAC6E7}.AppStore|x64.Deploy.0 = AppStore|iPhone
		{8E108001-40E7-41CB-B640-AF3785FAC6E7}.AppStore|x86.ActiveCfg = AppStore|iPhone
		{8E108001-40E7-41CB-B640-AF3785FAC6E7}.AppStore|x86.Build.0 = AppStore|iPhone
		{8E108001-40E7-41CB-B640-AF3785FAC6E7}.AppStore|x86.Deploy.0 = AppStore|iPhone
		{8E108001-40E7-41CB-B640-AF3785FAC6E7}.Debug|Any CPU.ActiveCfg = Debug|iPhoneSimulator
		{8E108001-40E7-41CB-B640-AF3785FAC6E7}.Debug|Any CPU.Build.0 = Debug|iPhoneSimulator
		{8E108001-40E7-41CB-B640-AF3785FAC6E7}.Debug|Any CPU.Deploy.0 = Debug|iPhoneSimulator
		{8E108001-40E7-41CB-B640-AF3785FAC6E7}.Debug|ARM.ActiveCfg = Debug|iPhone
		{8E108001-40E7-41CB-B640-AF3785FAC6E7}.Debug|ARM.Build.0 = Debug|iPhone
		{8E108001-40E7-41CB-B640-AF3785FAC6E7}.Debug|ARM.Deploy.0 = Debug|iPhone
		{8E108001-40E7-41CB-B640-AF3785FAC6E7}.Debug|iPhone.ActiveCfg = Debug|iPhone
		{8E108001-40E7-41CB-B640-AF3785FAC6E7}.Debug|iPhone.Build.0 = Debug|iPhone
		{8E108001-40E7-41CB-B640-AF3785FAC6E7}.Debug|iPhone.Deploy.0 = Debug|iPhone
		{8E108001-40E7-41CB-B640-AF3785FAC6E7}.Debug|iPhoneSimulator.ActiveCfg = Debug|iPhoneSimulator
		{8E108001-40E7-41CB-B640-AF3785FAC6E7}.Debug|iPhoneSimulator.Build.0 = Debug|iPhoneSimulator
		{8E108001-40E7-41CB-B640-AF3785FAC6E7}.Debug|iPhoneSimulator.Deploy.0 = Debug|iPhoneSimulator
		{8E108001-40E7-41CB-B640-AF3785FAC6E7}.Debug|x64.ActiveCfg = Debug|iPhone
		{8E108001-40E7-41CB-B640-AF3785FAC6E7}.Debug|x64.Build.0 = Debug|iPhone
		{8E108001-40E7-41CB-B640-AF3785FAC6E7}.Debug|x64.Deploy.0 = Debug|iPhone
		{8E108001-40E7-41CB-B640-AF3785FAC6E7}.Debug|x86.ActiveCfg = Debug|iPhone
		{8E108001-40E7-41CB-B640-AF3785FAC6E7}.Debug|x86.Build.0 = Debug|iPhone
		{8E108001-40E7-41CB-B640-AF3785FAC6E7}.Debug|x86.Deploy.0 = Debug|iPhone
		{8E108001-40E7-41CB-B640-AF3785FAC6E7}.Release|Any CPU.ActiveCfg = Release|iPhone
		{8E108001-40E7-41CB-B640-AF3785FAC6E7}.Release|Any CPU.Build.0 = Release|iPhone
		{8E108001-40E7-41CB-B640-AF3785FAC6E7}.Release|Any CPU.Deploy.0 = Release|iPhone
		{8E108001-40E7-41CB-B640-AF3785FAC6E7}.Release|ARM.ActiveCfg = Release|iPhone
		{8E108001-40E7-41CB-B640-AF3785FAC6E7}.Release|ARM.Build.0 = Release|iPhone
		{8E108001-40E7-41CB-B640-AF3785FAC6E7}.Release|ARM.Deploy.0 = Release|iPhone
		{8E108001-40E7-41CB-B640-AF3785FAC6E7}.Release|iPhone.ActiveCfg = Release|iPhone
		{8E108001-40E7-41CB-B640-AF3785FAC6E7}.Release|iPhone.Build.0 = Release|iPhone
		{8E108001-40E7-41CB-B640-AF3785FAC6E7}.Release|iPhone.Deploy.0 = Release|iPhone
		{8E108001-40E7-41CB-B640-AF3785FAC6E7}.Release|iPhoneSimulator.ActiveCfg = Release|iPhoneSimulator
		{8E108001-40E7-41CB-B640-AF3785FAC6E7}.Release|iPhoneSimulator.Build.0 = Release|iPhoneSimulator
		{8E108001-40E7-41CB-B640-AF3785FAC6E7}.Release|iPhoneSimulator.Deploy.0 = Release|iPhoneSimulator
		{8E108001-40E7-41CB-B640-AF3785FAC6E7}.Release|x64.ActiveCfg = Release|iPhone
		{8E108001-40E7-41CB-B640-AF3785FAC6E7}.Release|x64.Build.0 = Release|iPhone
		{8E108001-40E7-41CB-B640-AF3785FAC6E7}.Release|x64.Deploy.0 = Release|iPhone
		{8E108001-40E7-41CB-B640-AF3785FAC6E7}.Release|x86.ActiveCfg = Release|iPhone
		{8E108001-40E7-41CB-B640-AF3785FAC6E7}.Release|x86.Build.0 = Release|iPhone
		{8E108001-40E7-41CB-B640-AF3785FAC6E7}.Release|x86.Deploy.0 = Release|iPhone
		{69D61384-A9F6-4E0F-A6D8-241AD074C0F7}.Ad-Hoc|Any CPU.ActiveCfg = Release|x86
		{69D61384-A9F6-4E0F-A6D8-241AD074C0F7}.Ad-Hoc|Any CPU.Build.0 = Release|x86
		{69D61384-A9F6-4E0F-A6D8-241AD074C0F7}.Ad-Hoc|Any CPU.Deploy.0 = Release|x86
		{69D61384-A9F6-4E0F-A6D8-241AD074C0F7}.Ad-Hoc|ARM.ActiveCfg = Release|ARM
		{69D61384-A9F6-4E0F-A6D8-241AD074C0F7}.Ad-Hoc|ARM.Build.0 = Release|ARM
		{69D61384-A9F6-4E0F-A6D8-241AD074C0F7}.Ad-Hoc|ARM.Deploy.0 = Release|ARM
		{69D61384-A9F6-4E0F-A6D8-241AD074C0F7}.Ad-Hoc|iPhone.ActiveCfg = Release|x86
		{69D61384-A9F6-4E0F-A6D8-241AD074C0F7}.Ad-Hoc|iPhone.Build.0 = Release|x86
		{69D61384-A9F6-4E0F-A6D8-241AD074C0F7}.Ad-Hoc|iPhone.Deploy.0 = Release|x86
		{69D61384-A9F6-4E0F-A6D8-241AD074C0F7}.Ad-Hoc|iPhoneSimulator.ActiveCfg = Release|x86
		{69D61384-A9F6-4E0F-A6D8-241AD074C0F7}.Ad-Hoc|iPhoneSimulator.Build.0 = Release|x86
		{69D61384-A9F6-4E0F-A6D8-241AD074C0F7}.Ad-Hoc|iPhoneSimulator.Deploy.0 = Release|x86
		{69D61384-A9F6-4E0F-A6D8-241AD074C0F7}.Ad-Hoc|x64.ActiveCfg = Release|x64
		{69D61384-A9F6-4E0F-A6D8-241AD074C0F7}.Ad-Hoc|x64.Build.0 = Release|x64
		{69D61384-A9F6-4E0F-A6D8-241AD074C0F7}.Ad-Hoc|x64.Deploy.0 = Release|x64
		{69D61384-A9F6-4E0F-A6D8-241AD074C0F7}.Ad-Hoc|x86.ActiveCfg = Release|x86
		{69D61384-A9F6-4E0F-A6D8-241AD074C0F7}.Ad-Hoc|x86.Build.0 = Release|x86
		{69D61384-A9F6-4E0F-A6D8-241AD074C0F7}.Ad-Hoc|x86.Deploy.0 = Release|x86
		{69D61384-A9F6-4E0F-A6D8-241AD074C0F7}.AppStore|Any CPU.ActiveCfg = Release|x86
		{69D61384-A9F6-4E0F-A6D8-241AD074C0F7}.AppStore|Any CPU.Build.0 = Release|x86
		{69D61384-A9F6-4E0F-A6D8-241AD074C0F7}.AppStore|Any CPU.Deploy.0 = Release|x86
		{69D61384-A9F6-4E0F-A6D8-241AD074C0F7}.AppStore|ARM.ActiveCfg = Release|ARM
		{69D61384-A9F6-4E0F-A6D8-241AD074C0F7}.AppStore|ARM.Build.0 = Release|ARM
		{69D61384-A9F6-4E0F-A6D8-241AD074C0F7}.AppStore|ARM.Deploy.0 = Release|ARM
		{69D61384-A9F6-4E0F-A6D8-241AD074C0F7}.AppStore|iPhone.ActiveCfg = Release|x86
		{69D61384-A9F6-4E0F-A6D8-241AD074C0F7}.AppStore|iPhone.Build.0 = Release|x86
		{69D61384-A9F6-4E0F-A6D8-241AD074C0F7}.AppStore|iPhone.Deploy.0 = Release|x86
		{69D61384-A9F6-4E0F-A6D8-241AD074C0F7}.AppStore|iPhoneSimulator.ActiveCfg = Release|x86
		{69D61384-A9F6-4E0F-A6D8-241AD074C0F7}.AppStore|iPhoneSimulator.Build.0 = Release|x86
		{69D61384-A9F6-4E0F-A6D8-241AD074C0F7}.AppStore|iPhoneSimulator.Deploy.0 = Release|x86
		{69D61384-A9F6-4E0F-A6D8-241AD074C0F7}.AppStore|x64.ActiveCfg = Release|x64
		{69D61384-A9F6-4E0F-A6D8-241AD074C0F7}.AppStore|x64.Build.0 = Release|x64
		{69D61384-A9F6-4E0F-A6D8-241AD074C0F7}.AppStore|x64.Deploy.0 = Release|x64
		{69D61384-A9F6-4E0F-A6D8-241AD074C0F7}.AppStore|x86.ActiveCfg = Release|x86
		{69D61384-A9F6-4E0F-A6D8-241AD074C0F7}.AppStore|x86.Build.0 = Release|x86
		{69D61384-A9F6-4E0F-A6D8-241AD074C0F7}.AppStore|x86.Deploy.0 = Release|x86
		{69D61384-A9F6-4E0F-A6D8-241AD074C0F7}.Debug|Any CPU.ActiveCfg = Debug|x86
		{69D61384-A9F6-4E0F-A6D8-241AD074C0F7}.Debug|Any CPU.Build.0 = Debug|x86
		{69D61384-A9F6-4E0F-A6D8-241AD074C0F7}.Debug|Any CPU.Deploy.0 = Debug|x86
		{69D61384-A9F6-4E0F-A6D8-241AD074C0F7}.Debug|ARM.ActiveCfg = Debug|ARM
		{69D61384-A9F6-4E0F-A6D8-241AD074C0F7}.Debug|ARM.Build.0 = Debug|ARM
		{69D61384-A9F6-4E0F-A6D8-241AD074C0F7}.Debug|ARM.Deploy.0 = Debug|ARM
		{69D61384-A9F6-4E0F-A6D8-241AD074C0F7}.Debug|iPhone.ActiveCfg = Debug|x86
		{69D61384-A9F6-4E0F-A6D8-241AD074C0F7}.Debug|iPhone.Build.0 = Debug|x86
		{69D61384-A9F6-4E0F-A6D8-241AD074C0F7}.Debug|iPhone.Deploy.0 = Debug|x86
		{69D61384-A9F6-4E0F-A6D8-241AD074C0F7}.Debug|iPhoneSimulator.ActiveCfg = Debug|x86
		{69D61384-A9F6-4E0F-A6D8-241AD074C0F7}.Debug|iPhoneSimulator.Build.0 = Debug|x86
		{69D61384-A9F6-4E0F-A6D8-241AD074C0F7}.Debug|iPhoneSimulator.Deploy.0 = Debug|x86
		{69D61384-A9F6-4E0F-A6D8-241AD074C0F7}.Debug|x64.ActiveCfg = Debug|x64
		{69D61384-A9F6-4E0F-A6D8-241AD074C0F7}.Debug|x64.Build.0 = Debug|x64
		{69D61384-A9F6-4E0F-A6D8-241AD074C0F7}.Debug|x64.Deploy.0 = Debug|x64
		{69D61384-A9F6-4E0F-A6D8-241AD074C0F7}.Debug|x86.ActiveCfg = Debug|x86
		{69D61384-A9F6-4E0F-A6D8-241AD074C0F7}.Debug|x86.Build.0 = Debug|x86
		{69D61384-A9F6-4E0F-A6D8-241AD074C0F7}.Debug|x86.Deploy.0 = Debug|x86
		{69D61384-A9F6-4E0F-A6D8-241AD074C0F7}.Release|Any CPU.ActiveCfg = Release|x86
		{69D61384-A9F6-4E0F-A6D8-241AD074C0F7}.Release|Any CPU.Build.0 = Release|x86
		{69D61384-A9F6-4E0F-A6D8-241AD074C0F7}.Release|Any CPU.Deploy.0 = Release|x86
		{69D61384-A9F6-4E0F-A6D8-241AD074C0F7}.Release|ARM.ActiveCfg = Release|ARM
		{69D61384-A9F6-4E0F-A6D8-241AD074C0F7}.Release|ARM.Build.0 = Release|ARM
		{69D61384-A9F6-4E0F-A6D8-241AD074C0F7}.Release|ARM.Deploy.0 = Release|ARM
		{69D61384-A9F6-4E0F-A6D8-241AD074C0F7}.Release|iPhone.ActiveCfg = Release|x86
		{69D61384-A9F6-4E0F-A6D8-241AD074C0F7}.Release|iPhone.Build.0 = Release|x86
		{69D61384-A9F6-4E0F-A6D8-241AD074C0F7}.Release|iPhone.Deploy.0 = Release|x86
		{69D61384-A9F6-4E0F-A6D8-241AD074C0F7}.Release|iPhoneSimulator.ActiveCfg = Release|x86
		{69D61384-A9F6-4E0F-A6D8-241AD074C0F7}.Release|iPhoneSimulator.Build.0 = Release|x86
		{69D61384-A9F6-4E0F-A6D8-241AD074C0F7}.Release|iPhoneSimulator.Deploy.0 = Release|x86
		{69D61384-A9F6-4E0F-A6D8-241AD074C0F7}.Release|x64.ActiveCfg = Release|x64
		{69D61384-A9F6-4E0F-A6D8-241AD074C0F7}.Release|x64.Build.0 = Release|x64
		{69D61384-A9F6-4E0F-A6D8-241AD074C0F7}.Release|x64.Deploy.0 = Release|x64
		{69D61384-A9F6-4E0F-A6D8-241AD074C0F7}.Release|x86.ActiveCfg = Release|x86
		{69D61384-A9F6-4E0F-A6D8-241AD074C0F7}.Release|x86.Build.0 = Release|x86
		{69D61384-A9F6-4E0F-A6D8-241AD074C0F7}.Release|x86.Deploy.0 = Release|x86
	EndGlobalSection
	GlobalSection(SolutionProperties) = preSolution
		HideSolutionNode = FALSE
	EndGlobalSection
	GlobalSection(ExtensibilityGlobals) = postSolution
		SolutionGuid = {159346C9-AB9D-43B4-B62B-64248D02954A}
	EndGlobalSection
EndGlobal
